
Microsoft Visual Studio Solution File, Format Version 12.00
# Visual Studio Version 17
VisualStudioVersion = 17.6.33815.320
MinimumVisualStudioVersion = 10.0.40219.1
Project("{FAE04EC0-301F-11D3-BF4B-00C04F79EFBC}") = "Assignment7", "Assignment7\Assignment7.csproj", "{F1FF57BC-457B-4349-BEE4-EB04737637EE}"
EndProject
Global
	GlobalSection(SolutionConfigurationPlatforms) = preSolution
		Debug|Any CPU = Debug|Any CPU
		Release|Any CPU = Release|Any CPU
	EndGlobalSection
	GlobalSection(ProjectConfigurationPlatforms) = postSolution
		{F1FF57BC-457B-4349-BEE4-EB04737637EE}.Debug|Any CPU.ActiveCfg = Debug|Any CPU
		{F1FF57BC-457B-4349-BEE4-EB04737637EE}.Debug|Any CPU.Build.0 = Debug|Any CPU
		{F1FF57BC-457B-4349-BEE4-EB04737637EE}.Release|Any CPU.ActiveCfg = Release|Any CPU
		{F1FF57BC-457B-4349-BEE4-EB04737637EE}.Release|Any CPU.Build.0 = Release|Any CPU
	EndGlobalSection
	GlobalSection(SolutionProperties) = preSolution
		HideSolutionNode = FALSE
	EndGlobalSection
	GlobalSection(ExtensibilityGlobals) = postSolution
		SolutionGuid = {9E6252FA-E35B-47BF-86B4-9073A95DE795}
	EndGlobalSection
EndGlobal
